// !$*UTF8*$!
{
	archiveVersion = 1;
	classes = {
	};
	objectVersion = 56;
	objects = {

/* Begin PBXBuildFile section */
		A7AC764529DD77F700EA86DC /* AppDelegate.swift in Sources */ = {isa = PBXBuildFile; fileRef = A7AC764429DD77F700EA86DC /* AppDelegate.swift */; };
		A7AC764729DD77F700EA86DC /* art.scnassets in Resources */ = {isa = PBXBuildFile; fileRef = A7AC764629DD77F700EA86DC /* art.scnassets */; };
		A7AC764929DD77F700EA86DC /* ViewController.swift in Sources */ = {isa = PBXBuildFile; fileRef = A7AC764829DD77F700EA86DC /* ViewController.swift */; };
		A7AC764C29DD77F700EA86DC /* Main.storyboard in Resources */ = {isa = PBXBuildFile; fileRef = A7AC764A29DD77F700EA86DC /* Main.storyboard */; };
		A7AC764E29DD77F800EA86DC /* Assets.xcassets in Resources */ = {isa = PBXBuildFile; fileRef = A7AC764D29DD77F800EA86DC /* Assets.xcassets */; };
		A7AC765129DD77F800EA86DC /* LaunchScreen.storyboard in Resources */ = {isa = PBXBuildFile; fileRef = A7AC764F29DD77F800EA86DC /* LaunchScreen.storyboard */; };
		A7AC765B29DD77F800EA86DC /* Moving_ImageTests.swift in Sources */ = {isa = PBXBuildFile; fileRef = A7AC765A29DD77F800EA86DC /* Moving_ImageTests.swift */; };
		A7AC766529DD77F800EA86DC /* Moving_ImageUITests.swift in Sources */ = {isa = PBXBuildFile; fileRef = A7AC766429DD77F800EA86DC /* Moving_ImageUITests.swift */; };
		A7AC766729DD77F800EA86DC /* Moving_ImageUITestsLaunchTests.swift in Sources */ = {isa = PBXBuildFile; fileRef = A7AC766629DD77F800EA86DC /* Moving_ImageUITestsLaunchTests.swift */; };
		A7AC772629E4391200EA86DC /* AnimatedPainting.mp4 in Resources */ = {isa = PBXBuildFile; fileRef = A7AC772529E4391200EA86DC /* AnimatedPainting.mp4 */; };
		A7AC774E29E61F5900EA86DC /* Starry Night.mp4 in Resources */ = {isa = PBXBuildFile; fileRef = A7AC774D29E61F5900EA86DC /* Starry Night.mp4 */; };
		A7AC775229E6251900EA86DC /* walkingwomanp.mp4 in Resources */ = {isa = PBXBuildFile; fileRef = A7AC775129E6251900EA86DC /* walkingwomanp.mp4 */; };
		A7AC775429E628DF00EA86DC /* Flower.mp4 in Resources */ = {isa = PBXBuildFile; fileRef = A7AC775329E628DF00EA86DC /* Flower.mp4 */; };
/* End PBXBuildFile section */

/* Begin PBXContainerItemProxy section */
		A7AC765729DD77F800EA86DC /* PBXContainerItemProxy */ = {
			isa = PBXContainerItemProxy;
			containerPortal = A7AC763929DD77F700EA86DC /* Project object */;
			proxyType = 1;
			remoteGlobalIDString = A7AC764029DD77F700EA86DC;
			remoteInfo = Moving_Image;
		};
		A7AC766129DD77F800EA86DC /* PBXContainerItemProxy */ = {
			isa = PBXContainerItemProxy;
			containerPortal = A7AC763929DD77F700EA86DC /* Project object */;
			proxyType = 1;
			remoteGlobalIDString = A7AC764029DD77F700EA86DC;
			remoteInfo = Moving_Image;
		};
/* End PBXContainerItemProxy section */

/* Begin PBXFileReference section */
		A7AC764129DD77F700EA86DC /* Moving_Image.app */ = {isa = PBXFileReference; explicitFileType = wrapper.application; includeInIndex = 0; path = Moving_Image.app; sourceTree = BUILT_PRODUCTS_DIR; };
		A7AC764429DD77F700EA86DC /* AppDelegate.swift */ = {isa = PBXFileReference; lastKnownFileType = sourcecode.swift; path = AppDelegate.swift; sourceTree = "<group>"; };
		A7AC764629DD77F700EA86DC /* art.scnassets */ = {isa = PBXFileReference; lastKnownFileType = wrapper.scnassets; path = art.scnassets; sourceTree = "<group>"; };
		A7AC764829DD77F700EA86DC /* ViewController.swift */ = {isa = PBXFileReference; lastKnownFileType = sourcecode.swift; path = ViewController.swift; sourceTree = "<group>"; };
		A7AC764B29DD77F700EA86DC /* Base */ = {isa = PBXFileReference; lastKnownFileType = file.storyboard; name = Base; path = Base.lproj/Main.storyboard; sourceTree = "<group>"; };
		A7AC764D29DD77F800EA86DC /* Assets.xcassets */ = {isa = PBXFileReference; lastKnownFileType = folder.assetcatalog; path = Assets.xcassets; sourceTree = "<group>"; };
		A7AC765029DD77F800EA86DC /* Base */ = {isa = PBXFileReference; lastKnownFileType = file.storyboard; name = Base; path = Base.lproj/LaunchScreen.storyboard; sourceTree = "<group>"; };
		A7AC765629DD77F800EA86DC /* Moving_ImageTests.xctest */ = {isa = PBXFileReference; explicitFileType = wrapper.cfbundle; includeInIndex = 0; path = Moving_ImageTests.xctest; sourceTree = BUILT_PRODUCTS_DIR; };
		A7AC765A29DD77F800EA86DC /* Moving_ImageTests.swift */ = {isa = PBXFileReference; lastKnownFileType = sourcecode.swift; path = Moving_ImageTests.swift; sourceTree = "<group>"; };
		A7AC766029DD77F800EA86DC /* Moving_ImageUITests.xctest */ = {isa = PBXFileReference; explicitFileType = wrapper.cfbundle; includeInIndex = 0; path = Moving_ImageUITests.xctest; sourceTree = BUILT_PRODUCTS_DIR; };
		A7AC766429DD77F800EA86DC /* Moving_ImageUITests.swift */ = {isa = PBXFileReference; lastKnownFileType = sourcecode.swift; path = Moving_ImageUITests.swift; sourceTree = "<group>"; };
		A7AC766629DD77F800EA86DC /* Moving_ImageUITestsLaunchTests.swift */ = {isa = PBXFileReference; lastKnownFileType = sourcecode.swift; path = Moving_ImageUITestsLaunchTests.swift; sourceTree = "<group>"; };
		A7AC772529E4391200EA86DC /* AnimatedPainting.mp4 */ = {isa = PBXFileReference; lastKnownFileType = file; path = AnimatedPainting.mp4; sourceTree = "<group>"; };
		A7AC774D29E61F5900EA86DC /* Starry Night.mp4 */ = {isa = PBXFileReference; lastKnownFileType = file; path = "Starry Night.mp4"; sourceTree = "<group>"; };
		A7AC775129E6251900EA86DC /* walkingwomanp.mp4 */ = {isa = PBXFileReference; lastKnownFileType = file; path = walkingwomanp.mp4; sourceTree = "<group>"; };
		A7AC775329E628DF00EA86DC /* Flower.mp4 */ = {isa = PBXFileReference; lastKnownFileType = file; path = Flower.mp4; sourceTree = "<group>"; };
/* End PBXFileReference section */

/* Begin PBXFrameworksBuildPhase section */
		A7AC763E29DD77F700EA86DC /* Frameworks */ = {
			isa = PBXFrameworksBuildPhase;
			buildActionMask = 2147483647;
			files = (
			);
			runOnlyForDeploymentPostprocessing = 0;
		};
		A7AC765329DD77F800EA86DC /* Frameworks */ = {
			isa = PBXFrameworksBuildPhase;
			buildActionMask = 2147483647;
			files = (
			);
			runOnlyForDeploymentPostprocessing = 0;
		};
		A7AC765D29DD77F800EA86DC /* Frameworks */ = {
			isa = PBXFrameworksBuildPhase;
			buildActionMask = 2147483647;
			files = (
			);
			runOnlyForDeploymentPostprocessing = 0;
		};
/* End PBXFrameworksBuildPhase section */

/* Begin PBXGroup section */
		A7AC763829DD77F700EA86DC = {
			isa = PBXGroup;
			children = (
				A7AC764329DD77F700EA86DC /* Moving_Image */,
				A7AC765929DD77F800EA86DC /* Moving_ImageTests */,
				A7AC766329DD77F800EA86DC /* Moving_ImageUITests */,
				A7AC764229DD77F700EA86DC /* Products */,
			);
			sourceTree = "<group>";
		};
		A7AC764229DD77F700EA86DC /* Products */ = {
			isa = PBXGroup;
			children = (
				A7AC764129DD77F700EA86DC /* Moving_Image.app */,
				A7AC765629DD77F800EA86DC /* Moving_ImageTests.xctest */,
				A7AC766029DD77F800EA86DC /* Moving_ImageUITests.xctest */,
			);
			name = Products;
			sourceTree = "<group>";
		};
		A7AC764329DD77F700EA86DC /* Moving_Image */ = {
			isa = PBXGroup;
			children = (
				A7AC775329E628DF00EA86DC /* Flower.mp4 */,
				A7AC774D29E61F5900EA86DC /* Starry Night.mp4 */,
				A7AC772529E4391200EA86DC /* AnimatedPainting.mp4 */,
				A7AC775129E6251900EA86DC /* walkingwomanp.mp4 */,
				A7AC764429DD77F700EA86DC /* AppDelegate.swift */,
				A7AC764629DD77F700EA86DC /* art.scnassets */,
				A7AC764829DD77F700EA86DC /* ViewController.swift */,
				A7AC764A29DD77F700EA86DC /* Main.storyboard */,
				A7AC764D29DD77F800EA86DC /* Assets.xcassets */,
				A7AC764F29DD77F800EA86DC /* LaunchScreen.storyboard */,
			);
			path = Moving_Image;
			sourceTree = "<group>";
		};
		A7AC765929DD77F800EA86DC /* Moving_ImageTests */ = {
			isa = PBXGroup;
			children = (
				A7AC765A29DD77F800EA86DC /* Moving_ImageTests.swift */,
			);
			path = Moving_ImageTests;
			sourceTree = "<group>";
		};
		A7AC766329DD77F800EA86DC /* Moving_ImageUITests */ = {
			isa = PBXGroup;
			children = (
				A7AC766429DD77F800EA86DC /* Moving_ImageUITests.swift */,
				A7AC766629DD77F800EA86DC /* Moving_ImageUITestsLaunchTests.swift */,
			);
			path = Moving_ImageUITests;
			sourceTree = "<group>";
		};
/* End PBXGroup section */

/* Begin PBXNativeTarget section */
		A7AC764029DD77F700EA86DC /* Moving_Image */ = {
			isa = PBXNativeTarget;
			buildConfigurationList = A7AC766A29DD77F800EA86DC /* Build configuration list for PBXNativeTarget "Moving_Image" */;
			buildPhases = (
				A7AC763D29DD77F700EA86DC /* Sources */,
				A7AC763E29DD77F700EA86DC /* Frameworks */,
				A7AC763F29DD77F700EA86DC /* Resources */,
			);
			buildRules = (
			);
			dependencies = (
			);
			name = Moving_Image;
			productName = Moving_Image;
			productReference = A7AC764129DD77F700EA86DC /* Moving_Image.app */;
			productType = "com.apple.product-type.application";
		};
		A7AC765529DD77F800EA86DC /* Moving_ImageTests */ = {
			isa = PBXNativeTarget;
			buildConfigurationList = A7AC766D29DD77F800EA86DC /* Build configuration list for PBXNativeTarget "Moving_ImageTests" */;
			buildPhases = (
				A7AC765229DD77F800EA86DC /* Sources */,
				A7AC765329DD77F800EA86DC /* Frameworks */,
				A7AC765429DD77F800EA86DC /* Resources */,
			);
			buildRules = (
			);
			dependencies = (
				A7AC765829DD77F800EA86DC /* PBXTargetDependency */,
			);
			name = Moving_ImageTests;
			productName = Moving_ImageTests;
			productReference = A7AC765629DD77F800EA86DC /* Moving_ImageTests.xctest */;
			productType = "com.apple.product-type.bundle.unit-test";
		};
		A7AC765F29DD77F800EA86DC /* Moving_ImageUITests */ = {
			isa = PBXNativeTarget;
			buildConfigurationList = A7AC767029DD77F800EA86DC /* Build configuration list for PBXNativeTarget "Moving_ImageUITests" */;
			buildPhases = (
				A7AC765C29DD77F800EA86DC /* Sources */,
				A7AC765D29DD77F800EA86DC /* Frameworks */,
				A7AC765E29DD77F800EA86DC /* Resources */,
			);
			buildRules = (
			);
			dependencies = (
				A7AC766229DD77F800EA86DC /* PBXTargetDependency */,
			);
			name = Moving_ImageUITests;
			productName = Moving_ImageUITests;
			productReference = A7AC766029DD77F800EA86DC /* Moving_ImageUITests.xctest */;
			productType = "com.apple.product-type.bundle.ui-testing";
		};
/* End PBXNativeTarget section */

/* Begin PBXProject section */
		A7AC763929DD77F700EA86DC /* Project object */ = {
			isa = PBXProject;
			attributes = {
				BuildIndependentTargetsInParallel = 1;
				LastSwiftUpdateCheck = 1420;
				LastUpgradeCheck = 1420;
				TargetAttributes = {
					A7AC764029DD77F700EA86DC = {
						CreatedOnToolsVersion = 14.2;
					};
					A7AC765529DD77F800EA86DC = {
						CreatedOnToolsVersion = 14.2;
						TestTargetID = A7AC764029DD77F700EA86DC;
					};
					A7AC765F29DD77F800EA86DC = {
						CreatedOnToolsVersion = 14.2;
						TestTargetID = A7AC764029DD77F700EA86DC;
					};
				};
			};
			buildConfigurationList = A7AC763C29DD77F700EA86DC /* Build configuration list for PBXProject "Moving_Image" */;
			compatibilityVersion = "Xcode 14.0";
			developmentRegion = en;
			hasScannedForEncodings = 0;
			knownRegions = (
				en,
				Base,
			);
			mainGroup = A7AC763829DD77F700EA86DC;
			productRefGroup = A7AC764229DD77F700EA86DC /* Products */;
			projectDirPath = "";
			projectRoot = "";
			targets = (
				A7AC764029DD77F700EA86DC /* Moving_Image */,
				A7AC765529DD77F800EA86DC /* Moving_ImageTests */,
				A7AC765F29DD77F800EA86DC /* Moving_ImageUITests */,
			);
		};
/* End PBXProject section */

/* Begin PBXResourcesBuildPhase section */
		A7AC763F29DD77F700EA86DC /* Resources */ = {
			isa = PBXResourcesBuildPhase;
			buildActionMask = 2147483647;
			files = (
				A7AC772629E4391200EA86DC /* AnimatedPainting.mp4 in Resources */,
				A7AC764729DD77F700EA86DC /* art.scnassets in Resources */,
				A7AC775429E628DF00EA86DC /* Flower.mp4 in Resources */,
				A7AC765129DD77F800EA86DC /* LaunchScreen.storyboard in Resources */,
				A7AC764E29DD77F800EA86DC /* Assets.xcassets in Resources */,
				A7AC774E29E61F5900EA86DC /* Starry Night.mp4 in Resources */,
				A7AC764C29DD77F700EA86DC /* Main.storyboard in Resources */,
				A7AC775229E6251900EA86DC /* walkingwomanp.mp4 in Resources */,
			);
			runOnlyForDeploymentPostprocessing = 0;
		};
		A7AC765429DD77F800EA86DC /* Resources */ = {
			isa = PBXResourcesBuildPhase;
			buildActionMask = 2147483647;
			files = (
			);
			runOnlyForDeploymentPostprocessing = 0;
		};
		A7AC765E29DD77F800EA86DC /* Resources */ = {
			isa = PBXResourcesBuildPhase;
			buildActionMask = 2147483647;
			files = (
			);
			runOnlyForDeploymentPostprocessing = 0;
		};
/* End PBXResourcesBuildPhase section */

/* Begin PBXSourcesBuildPhase section */
		A7AC763D29DD77F700EA86DC /* Sources */ = {
			isa = PBXSourcesBuildPhase;
			buildActionMask = 2147483647;
			files = (
				A7AC764929DD77F700EA86DC /* ViewController.swift in Sources */,
				A7AC764529DD77F700EA86DC /* AppDelegate.swift in Sources */,
			);
			runOnlyForDeploymentPostprocessing = 0;
		};
		A7AC765229DD77F800EA86DC /* Sources */ = {
			isa = PBXSourcesBuildPhase;
			buildActionMask = 2147483647;
			files = (
				A7AC765B29DD77F800EA86DC /* Moving_ImageTests.swift in Sources */,
			);
			runOnlyForDeploymentPostprocessing = 0;
		};
		A7AC765C29DD77F800EA86DC /* Sources */ = {
			isa = PBXSourcesBuildPhase;
			buildActionMask = 2147483647;
			files = (
				A7AC766729DD77F800EA86DC /* Moving_ImageUITestsLaunchTests.swift in Sources */,
				A7AC766529DD77F800EA86DC /* Moving_ImageUITests.swift in Sources */,
			);
			runOnlyForDeploymentPostprocessing = 0;
		};
/* End PBXSourcesBuildPhase section */

/* Begin PBXTargetDependency section */
		A7AC765829DD77F800EA86DC /* PBXTargetDependency */ = {
			isa = PBXTargetDependency;
			target = A7AC764029DD77F700EA86DC /* Moving_Image */;
			targetProxy = A7AC765729DD77F800EA86DC /* PBXContainerItemProxy */;
		};
		A7AC766229DD77F800EA86DC /* PBXTargetDependency */ = {
			isa = PBXTargetDependency;
			target = A7AC764029DD77F700EA86DC /* Moving_Image */;
			targetProxy = A7AC766129DD77F800EA86DC /* PBXContainerItemProxy */;
		};
/* End PBXTargetDependency section */

/* Begin PBXVariantGroup section */
		A7AC764A29DD77F700EA86DC /* Main.storyboard */ = {
			isa = PBXVariantGroup;
			children = (
				A7AC764B29DD77F700EA86DC /* Base */,
			);
			name = Main.storyboard;
			sourceTree = "<group>";
		};
		A7AC764F29DD77F800EA86DC /* LaunchScreen.storyboard */ = {
			isa = PBXVariantGroup;
			children = (
				A7AC765029DD77F800EA86DC /* Base */,
			);
			name = LaunchScreen.storyboard;
			sourceTree = "<group>";
		};
/* End PBXVariantGroup section */

/* Begin XCBuildConfiguration section */
		A7AC766829DD77F800EA86DC /* Debug */ = {
			isa = XCBuildConfiguration;
			buildSettings = {
				ALWAYS_SEARCH_USER_PATHS = NO;
				CLANG_ANALYZER_NONNULL = YES;
				CLANG_ANALYZER_NUMBER_OBJECT_CONVERSION = YES_AGGRESSIVE;
				CLANG_CXX_LANGUAGE_STANDARD = "gnu++20";
				CLANG_ENABLE_MODULES = YES;
				CLANG_ENABLE_OBJC_ARC = YES;
				CLANG_ENABLE_OBJC_WEAK = YES;
				CLANG_WARN_BLOCK_CAPTURE_AUTORELEASING = YES;
				CLANG_WARN_BOOL_CONVERSION = YES;
				CLANG_WARN_COMMA = YES;
				CLANG_WARN_CONSTANT_CONVERSION = YES;
				CLANG_WARN_DEPRECATED_OBJC_IMPLEMENTATIONS = YES;
				CLANG_WARN_DIRECT_OBJC_ISA_USAGE = YES_ERROR;
				CLANG_WARN_DOCUMENTATION_COMMENTS = YES;
				CLANG_WARN_EMPTY_BODY = YES;
				CLANG_WARN_ENUM_CONVERSION = YES;
				CLANG_WARN_INFINITE_RECURSION = YES;
				CLANG_WARN_INT_CONVERSION = YES;
				CLANG_WARN_NON_LITERAL_NULL_CONVERSION = YES;
				CLANG_WARN_OBJC_IMPLICIT_RETAIN_SELF = YES;
				CLANG_WARN_OBJC_LITERAL_CONVERSION = YES;
				CLANG_WARN_OBJC_ROOT_CLASS = YES_ERROR;
				CLANG_WARN_QUOTED_INCLUDE_IN_FRAMEWORK_HEADER = YES;
				CLANG_WARN_RANGE_LOOP_ANALYSIS = YES;
				CLANG_WARN_STRICT_PROTOTYPES = YES;
				CLANG_WARN_SUSPICIOUS_MOVE = YES;
				CLANG_WARN_UNGUARDED_AVAILABILITY = YES_AGGRESSIVE;
				CLANG_WARN_UNREACHABLE_CODE = YES;
				CLANG_WARN__DUPLICATE_METHOD_MATCH = YES;
				COPY_PHASE_STRIP = NO;
				DEBUG_INFORMATION_FORMAT = dwarf;
				ENABLE_STRICT_OBJC_MSGSEND = YES;
				ENABLE_TESTABILITY = YES;
				GCC_C_LANGUAGE_STANDARD = gnu11;
				GCC_DYNAMIC_NO_PIC = NO;
				GCC_NO_COMMON_BLOCKS = YES;
				GCC_OPTIMIZATION_LEVEL = 0;
				GCC_PREPROCESSOR_DEFINITIONS = (
					"DEBUG=1",
					"$(inherited)",
				);
				GCC_WARN_64_TO_32_BIT_CONVERSION = YES;
				GCC_WARN_ABOUT_RETURN_TYPE = YES_ERROR;
				GCC_WARN_UNDECLARED_SELECTOR = YES;
				GCC_WARN_UNINITIALIZED_AUTOS = YES_AGGRESSIVE;
				GCC_WARN_UNUSED_FUNCTION = YES;
				GCC_WARN_UNUSED_VARIABLE = YES;
				IPHONEOS_DEPLOYMENT_TARGET = 16.2;
				MTL_ENABLE_DEBUG_INFO = INCLUDE_SOURCE;
				MTL_FAST_MATH = YES;
				ONLY_ACTIVE_ARCH = YES;
				SDKROOT = iphoneos;
				SWIFT_ACTIVE_COMPILATION_CONDITIONS = DEBUG;
				SWIFT_OPTIMIZATION_LEVEL = "-Onone";
			};
			name = Debug;
		};
		A7AC766929DD77F800EA86DC /* Release */ = {
			isa = XCBuildConfiguration;
			buildSettings = {
				ALWAYS_SEARCH_USER_PATHS = NO;
				CLANG_ANALYZER_NONNULL = YES;
				CLANG_ANALYZER_NUMBER_OBJECT_CONVERSION = YES_AGGRESSIVE;
				CLANG_CXX_LANGUAGE_STANDARD = "gnu++20";
				CLANG_ENABLE_MODULES = YES;
				CLANG_ENABLE_OBJC_ARC = YES;
				CLANG_ENABLE_OBJC_WEAK = YES;
				CLANG_WARN_BLOCK_CAPTURE_AUTORELEASING = YES;
				CLANG_WARN_BOOL_CONVERSION = YES;
				CLANG_WARN_COMMA = YES;
				CLANG_WARN_CONSTANT_CONVERSION = YES;
				CLANG_WARN_DEPRECATED_OBJC_IMPLEMENTATIONS = YES;
				CLANG_WARN_DIRECT_OBJC_ISA_USAGE = YES_ERROR;
				CLANG_WARN_DOCUMENTATION_COMMENTS = YES;
				CLANG_WARN_EMPTY_BODY = YES;
				CLANG_WARN_ENUM_CONVERSION = YES;
				CLANG_WARN_INFINITE_RECURSION = YES;
				CLANG_WARN_INT_CONVERSION = YES;
				CLANG_WARN_NON_LITERAL_NULL_CONVERSION = YES;
				CLANG_WARN_OBJC_IMPLICIT_RETAIN_SELF = YES;
				CLANG_WARN_OBJC_LITERAL_CONVERSION = YES;
				CLANG_WARN_OBJC_ROOT_CLASS = YES_ERROR;
				CLANG_WARN_QUOTED_INCLUDE_IN_FRAMEWORK_HEADER = YES;
				CLANG_WARN_RANGE_LOOP_ANALYSIS = YES;
				CLANG_WARN_STRICT_PROTOTYPES = YES;
				CLANG_WARN_SUSPICIOUS_MOVE = YES;
				CLANG_WARN_UNGUARDED_AVAILABILITY = YES_AGGRESSIVE;
				CLANG_WARN_UNREACHABLE_CODE = YES;
				CLANG_WARN__DUPLICATE_METHOD_MATCH = YES;
				COPY_PHASE_STRIP = NO;
				DEBUG_INFORMATION_FORMAT = "dwarf-with-dsym";
				ENABLE_NS_ASSERTIONS = NO;
				ENABLE_STRICT_OBJC_MSGSEND = YES;
				GCC_C_LANGUAGE_STANDARD = gnu11;
				GCC_NO_COMMON_BLOCKS = YES;
				GCC_WARN_64_TO_32_BIT_CONVERSION = YES;
				GCC_WARN_ABOUT_RETURN_TYPE = YES_ERROR;
				GCC_WARN_UNDECLARED_SELECTOR = YES;
				GCC_WARN_UNINITIALIZED_AUTOS = YES_AGGRESSIVE;
				GCC_WARN_UNUSED_FUNCTION = YES;
				GCC_WARN_UNUSED_VARIABLE = YES;
				IPHONEOS_DEPLOYMENT_TARGET = 16.2;
				MTL_ENABLE_DEBUG_INFO = NO;
				MTL_FAST_MATH = YES;
				SDKROOT = iphoneos;
				SWIFT_COMPILATION_MODE = wholemodule;
				SWIFT_OPTIMIZATION_LEVEL = "-O";
				VALIDATE_PRODUCT = YES;
			};
			name = Release;
		};
		A7AC766B29DD77F800EA86DC /* Debug */ = {
			isa = XCBuildConfiguration;
			buildSettings = {
				ASSETCATALOG_COMPILER_APPICON_NAME = AppIcon;
				ASSETCATALOG_COMPILER_GLOBAL_ACCENT_COLOR_NAME = AccentColor;
				CODE_SIGN_STYLE = Automatic;
				CURRENT_PROJECT_VERSION = 1;
				DEVELOPMENT_TEAM = 3YV6L6D8MG;
				GENERATE_INFOPLIST_FILE = YES;
				INFOPLIST_KEY_NSCameraUsageDescription = "";
				INFOPLIST_KEY_UIApplicationSupportsIndirectInputEvents = YES;
				INFOPLIST_KEY_UILaunchStoryboardName = LaunchScreen;
				INFOPLIST_KEY_UIMainStoryboardFile = Main;
				INFOPLIST_KEY_UIRequiredDeviceCapabilities = arkit;
				INFOPLIST_KEY_UIStatusBarHidden = YES;
				INFOPLIST_KEY_UISupportedInterfaceOrientations_iPad = "UIInterfaceOrientationPortrait UIInterfaceOrientationPortraitUpsideDown UIInterfaceOrientationLandscapeLeft UIInterfaceOrientationLandscapeRight";
				INFOPLIST_KEY_UISupportedInterfaceOrientations_iPhone = "UIInterfaceOrientationPortrait UIInterfaceOrientationLandscapeLeft UIInterfaceOrientationLandscapeRight";
				LD_RUNPATH_SEARCH_PATHS = (
					"$(inherited)",
					"@executable_path/Frameworks",
				);
				MARKETING_VERSION = 1.0;
				PRODUCT_BUNDLE_IDENTIFIER = "SamuilDimov.Moving-Image";
				PRODUCT_NAME = "$(TARGET_NAME)";
				SWIFT_EMIT_LOC_STRINGS = YES;
				SWIFT_VERSION = 5.0;
				TARGETED_DEVICE_FAMILY = "1,2";
			};
			name = Debug;
		};
		A7AC766C29DD77F800EA86DC /* Release */ = {
			isa = XCBuildConfiguration;
			buildSettings = {
				ASSETCATALOG_COMPILER_APPICON_NAME = AppIcon;
				ASSETCATALOG_COMPILER_GLOBAL_ACCENT_COLOR_NAME = AccentColor;
				CODE_SIGN_STYLE = Automatic;
				CURRENT_PROJECT_VERSION = 1;
				DEVELOPMENT_TEAM = 3YV6L6D8MG;
				GENERATE_INFOPLIST_FILE = YES;
				INFOPLIST_KEY_NSCameraUsageDescription = "";
				INFOPLIST_KEY_UIApplicationSupportsIndirectInputEvents = YES;
				INFOPLIST_KEY_UILaunchStoryboardName = LaunchScreen;
				INFOPLIST_KEY_UIMainStoryboardFile = Main;
				INFOPLIST_KEY_UIRequiredDeviceCapabilities = arkit;
				INFOPLIST_KEY_UIStatusBarHidden = YES;
				INFOPLIST_KEY_UISupportedInterfaceOrientations_iPad = "UIInterfaceOrientationPortrait UIInterfaceOrientationPortraitUpsideDown UIInterfaceOrientationLandscapeLeft UIInterfaceOrientationLandscapeRight";
				INFOPLIST_KEY_UISupportedInterfaceOrientations_iPhone = "UIInterfaceOrientationPortrait UIInterfaceOrientationLandscapeLeft UIInterfaceOrientationLandscapeRight";
				LD_RUNPATH_SEARCH_PATHS = (
					"$(inherited)",
					"@executable_path/Frameworks",
				);
				MARKETING_VERSION = 1.0;
				PRODUCT_BUNDLE_IDENTIFIER = "SamuilDimov.Moving-Image";
				PRODUCT_NAME = "$(TARGET_NAME)";
				SWIFT_EMIT_LOC_STRINGS = YES;
				SWIFT_VERSION = 5.0;
				TARGETED_DEVICE_FAMILY = "1,2";
			};
			name = Release;
		};
		A7AC766E29DD77F800EA86DC /* Debug */ = {
			isa = XCBuildConfiguration;
			buildSettings = {
				ALWAYS_EMBED_SWIFT_STANDARD_LIBRARIES = YES;
				BUNDLE_LOADER = "$(TEST_HOST)";
				CODE_SIGN_STYLE = Automatic;
				CURRENT_PROJECT_VERSION = 1;
				DEVELOPMENT_TEAM = PAHV9G7379;
				GENERATE_INFOPLIST_FILE = YES;
				IPHONEOS_DEPLOYMENT_TARGET = 16.2;
				MARKETING_VERSION = 1.0;
				PRODUCT_BUNDLE_IDENTIFIER = "SamuilDimov.Moving-ImageTests";
				PRODUCT_NAME = "$(TARGET_NAME)";
				SWIFT_EMIT_LOC_STRINGS = NO;
				SWIFT_VERSION = 5.0;
				TARGETED_DEVICE_FAMILY = "1,2";
				TEST_HOST = "$(BUILT_PRODUCTS_DIR)/Moving_Image.app/$(BUNDLE_EXECUTABLE_FOLDER_PATH)/Moving_Image";
			};
			name = Debug;
		};
		A7AC766F29DD77F800EA86DC /* Release */ = {
			isa = XCBuildConfiguration;
			buildSettings = {
				ALWAYS_EMBED_SWIFT_STANDARD_LIBRARIES = YES;
				BUNDLE_LOADER = "$(TEST_HOST)";
				CODE_SIGN_STYLE = Automatic;
				CURRENT_PROJECT_VERSION = 1;
				DEVELOPMENT_TEAM = PAHV9G7379;
				GENERATE_INFOPLIST_FILE = YES;
				IPHONEOS_DEPLOYMENT_TARGET = 16.2;
				MARKETING_VERSION = 1.0;
				PRODUCT_BUNDLE_IDENTIFIER = "SamuilDimov.Moving-ImageTests";
				PRODUCT_NAME = "$(TARGET_NAME)";
				SWIFT_EMIT_LOC_STRINGS = NO;
				SWIFT_VERSION = 5.0;
				TARGETED_DEVICE_FAMILY = "1,2";
				TEST_HOST = "$(BUILT_PRODUCTS_DIR)/Moving_Image.app/$(BUNDLE_EXECUTABLE_FOLDER_PATH)/Moving_Image";
			};
			name = Release;
		};
		A7AC767129DD77F800EA86DC /* Debug */ = {
			isa = XCBuildConfiguration;
			buildSettings = {
				ALWAYS_EMBED_SWIFT_STANDARD_LIBRARIES = YES;
				CODE_SIGN_STYLE = Automatic;
				CURRENT_PROJECT_VERSION = 1;
				DEVELOPMENT_TEAM = PAHV9G7379;
				GENERATE_INFOPLIST_FILE = YES;
				MARKETING_VERSION = 1.0;
				PRODUCT_BUNDLE_IDENTIFIER = "SamuilDimov.Moving-ImageUITests";
				PRODUCT_NAME = "$(TARGET_NAME)";
				SWIFT_EMIT_LOC_STRINGS = NO;
				SWIFT_VERSION = 5.0;
				TARGETED_DEVICE_FAMILY = "1,2";
				TEST_TARGET_NAME = Moving_Image;
			};
			name = Debug;
		};
		A7AC767229DD77F800EA86DC /* Release */ = {
			isa = XCBuildConfiguration;
			buildSettings = {
				ALWAYS_EMBED_SWIFT_STANDARD_LIBRARIES = YES;
				CODE_SIGN_STYLE = Automatic;
				CURRENT_PROJECT_VERSION = 1;
				DEVELOPMENT_TEAM = PAHV9G7379;
				GENERATE_INFOPLIST_FILE = YES;
				MARKETING_VERSION = 1.0;
				PRODUCT_BUNDLE_IDENTIFIER = "SamuilDimov.Moving-ImageUITests";
				PRODUCT_NAME = "$(TARGET_NAME)";
				SWIFT_EMIT_LOC_STRINGS = NO;
				SWIFT_VERSION = 5.0;
				TARGETED_DEVICE_FAMILY = "1,2";
				TEST_TARGET_NAME = Moving_Image;
			};
			name = Release;
		};
/* End XCBuildConfiguration section */

/* Begin XCConfigurationList section */
		A7AC763C29DD77F700EA86DC /* Build configuration list for PBXProject "Moving_Image" */ = {
			isa = XCConfigurationList;
			buildConfigurations = (
				A7AC766829DD77F800EA86DC /* Debug */,
				A7AC766929DD77F800EA86DC /* Release */,
			);
			defaultConfigurationIsVisible = 0;
			defaultConfigurationName = Release;
		};
		A7AC766A29DD77F800EA86DC /* Build configuration list for PBXNativeTarget "Moving_Image" */ = {
			isa = XCConfigurationList;
			buildConfigurations = (
				A7AC766B29DD77F800EA86DC /* Debug */,
				A7AC766C29DD77F800EA86DC /* Release */,
			);
			defaultConfigurationIsVisible = 0;
			defaultConfigurationName = Release;
		};
		A7AC766D29DD77F800EA86DC /* Build configuration list for PBXNativeTarget "Moving_ImageTests" */ = {
			isa = XCConfigurationList;
			buildConfigurations = (
				A7AC766E29DD77F800EA86DC /* Debug */,
				A7AC766F29DD77F800EA86DC /* Release */,
			);
			defaultConfigurationIsVisible = 0;
			defaultConfigurationName = Release;
		};
		A7AC767029DD77F800EA86DC /* Build configuration list for PBXNativeTarget "Moving_ImageUITests" */ = {
			isa = XCConfigurationList;
			buildConfigurations = (
				A7AC767129DD77F800EA86DC /* Debug */,
				A7AC767229DD77F800EA86DC /* Release */,
			);
			defaultConfigurationIsVisible = 0;
			defaultConfigurationName = Release;
		};
/* End XCConfigurationList section */
	};
	rootObject = A7AC763929DD77F700EA86DC /* Project object */;
}
